
Microsoft Visual Studio Solution File, Format Version 12.00
# Visual Studio Version 17
VisualStudioVersion = 17.0.32014.148
MinimumVisualStudioVersion = 10.0.40219.1
Project("{FAE04EC0-301F-11D3-BF4B-00C04F79EFBC}") = "EcoleF", "EcoleF\EcoleF.csproj", "{79C31E6C-CDD6-48FF-952D-D7FB8C0F59F8}"
EndProject
Project("{2150E333-8FDC-42A3-9474-1A3956D46DE8}") = "1.PresentationLayer", "1.PresentationLayer", "{666A5C1F-2BF2-4AE8-B342-1A133E145582}"
EndProject
Project("{FAE04EC0-301F-11D3-BF4B-00C04F79EFBC}") = "pro.eco", "pro.eco\pro.eco.csproj", "{D77FB391-F3C8-467A-BEED-5F257A58429E}"
EndProject
Project("{FAE04EC0-301F-11D3-BF4B-00C04F79EFBC}") = "model.ecolem", "model.ecolem\model.ecolem.csproj", "{0FBD372C-90D1-47CA-AB97-462173898A7D}"
EndProject
Global
	GlobalSection(SolutionConfigurationPlatforms) = preSolution
		Debug|Any CPU = Debug|Any CPU
		Release|Any CPU = Release|Any CPU
	EndGlobalSection
	GlobalSection(ProjectConfigurationPlatforms) = postSolution
		{79C31E6C-CDD6-48FF-952D-D7FB8C0F59F8}.Debug|Any CPU.ActiveCfg = Debug|Any CPU
		{79C31E6C-CDD6-48FF-952D-D7FB8C0F59F8}.Debug|Any CPU.Build.0 = Debug|Any CPU
		{79C31E6C-CDD6-48FF-952D-D7FB8C0F59F8}.Release|Any CPU.ActiveCfg = Release|Any CPU
		{79C31E6C-CDD6-48FF-952D-D7FB8C0F59F8}.Release|Any CPU.Build.0 = Release|Any CPU
		{D77FB391-F3C8-467A-BEED-5F257A58429E}.Debug|Any CPU.ActiveCfg = Debug|Any CPU
		{D77FB391-F3C8-467A-BEED-5F257A58429E}.Debug|Any CPU.Build.0 = Debug|Any CPU
		{D77FB391-F3C8-467A-BEED-5F257A58429E}.Release|Any CPU.ActiveCfg = Release|Any CPU
		{D77FB391-F3C8-467A-BEED-5F257A58429E}.Release|Any CPU.Build.0 = Release|Any CPU
		{0FBD372C-90D1-47CA-AB97-462173898A7D}.Debug|Any CPU.ActiveCfg = Debug|Any CPU
		{0FBD372C-90D1-47CA-AB97-462173898A7D}.Debug|Any CPU.Build.0 = Debug|Any CPU
		{0FBD372C-90D1-47CA-AB97-462173898A7D}.Release|Any CPU.ActiveCfg = Release|Any CPU
		{0FBD372C-90D1-47CA-AB97-462173898A7D}.Release|Any CPU.Build.0 = Release|Any CPU
	EndGlobalSection
	GlobalSection(SolutionProperties) = preSolution
		HideSolutionNode = FALSE
	EndGlobalSection
	GlobalSection(NestedProjects) = preSolution
		{79C31E6C-CDD6-48FF-952D-D7FB8C0F59F8} = {666A5C1F-2BF2-4AE8-B342-1A133E145582}
		{D77FB391-F3C8-467A-BEED-5F257A58429E} = {666A5C1F-2BF2-4AE8-B342-1A133E145582}
		{0FBD372C-90D1-47CA-AB97-462173898A7D} = {666A5C1F-2BF2-4AE8-B342-1A133E145582}
	EndGlobalSection
	GlobalSection(ExtensibilityGlobals) = postSolution
		SolutionGuid = {291BFEE1-C7E3-49C3-AA3B-3C44704174DC}
	EndGlobalSection
EndGlobal
